
Microsoft Visual Studio Solution File, Format Version 12.00
# Visual Studio Version 17
VisualStudioVersion = 17.14.36705.20
MinimumVisualStudioVersion = 10.0.40219.1
Project("{FAE04EC0-301F-11D3-BF4B-00C04F79EFBC}") = "OOP", "OOP\OOP.csproj", "{35F24DED-D626-4659-B277-AB2FC6BA8EBE}"
EndProject
Project("{FAE04EC0-301F-11D3-BF4B-00C04F79EFBC}") = "DataTypes", "DataTypes\DataTypes.csproj", "{EBCB9157-0EB3-458D-92B6-B119241BB7C5}"
EndProject
Global
	GlobalSection(SolutionConfigurationPlatforms) = preSolution
		Debug|Any CPU = Debug|Any CPU
		Release|Any CPU = Release|Any CPU
	EndGlobalSection
	GlobalSection(ProjectConfigurationPlatforms) = postSolution
		{35F24DED-D626-4659-B277-AB2FC6BA8EBE}.Debug|Any CPU.ActiveCfg = Debug|Any CPU
		{35F24DED-D626-4659-B277-AB2FC6BA8EBE}.Debug|Any CPU.Build.0 = Debug|Any CPU
		{35F24DED-D626-4659-B277-AB2FC6BA8EBE}.Release|Any CPU.ActiveCfg = Release|Any CPU
		{35F24DED-D626-4659-B277-AB2FC6BA8EBE}.Release|Any CPU.Build.0 = Release|Any CPU
		{EBCB9157-0EB3-458D-92B6-B119241BB7C5}.Debug|Any CPU.ActiveCfg = Debug|Any CPU
		{EBCB9157-0EB3-458D-92B6-B119241BB7C5}.Debug|Any CPU.Build.0 = Debug|Any CPU
		{EBCB9157-0EB3-458D-92B6-B119241BB7C5}.Release|Any CPU.ActiveCfg = Release|Any CPU
		{EBCB9157-0EB3-458D-92B6-B119241BB7C5}.Release|Any CPU.Build.0 = Release|Any CPU
	EndGlobalSection
	GlobalSection(SolutionProperties) = preSolution
		HideSolutionNode = FALSE
	EndGlobalSection
	GlobalSection(ExtensibilityGlobals) = postSolution
		SolutionGuid = {89C33C60-6E94-441A-86E5-479DC6F50FD4}
	EndGlobalSection
EndGlobal
